
Microsoft Visual Studio Solution File, Format Version 12.00
# Visual Studio Version 17
VisualStudioVersion = 17.10.35013.160
MinimumVisualStudioVersion = 10.0.40219.1
Project("{FAE04EC0-301F-11D3-BF4B-00C04F79EFBC}") = "Domain", "Domain\Domain.csproj", "{9E1F14A8-845D-482C-BAFB-95E8CD4FF37A}"
EndProject
Project("{FAE04EC0-301F-11D3-BF4B-00C04F79EFBC}") = "Application", "Application\Application.csproj", "{50572F92-7B20-409A-BA3D-A0DFAD88CEB6}"
EndProject
Project("{FAE04EC0-301F-11D3-BF4B-00C04F79EFBC}") = "Infrastructure", "Infrastructure\Infrastructure.csproj", "{08BA640A-4BD0-4FF4-A185-AFDFC5FF501D}"
EndProject
Project("{FAE04EC0-301F-11D3-BF4B-00C04F79EFBC}") = "WebAPI", "WebAPI\WebAPI.csproj", "{0250D064-360C-4612-8CB8-34EE079F5B10}"
EndProject
Global
	GlobalSection(SolutionConfigurationPlatforms) = preSolution
		Debug|Any CPU = Debug|Any CPU
		Release|Any CPU = Release|Any CPU
	EndGlobalSection
	GlobalSection(ProjectConfigurationPlatforms) = postSolution
		{9E1F14A8-845D-482C-BAFB-95E8CD4FF37A}.Debug|Any CPU.ActiveCfg = Debug|Any CPU
		{9E1F14A8-845D-482C-BAFB-95E8CD4FF37A}.Debug|Any CPU.Build.0 = Debug|Any CPU
		{9E1F14A8-845D-482C-BAFB-95E8CD4FF37A}.Release|Any CPU.ActiveCfg = Release|Any CPU
		{9E1F14A8-845D-482C-BAFB-95E8CD4FF37A}.Release|Any CPU.Build.0 = Release|Any CPU
		{50572F92-7B20-409A-BA3D-A0DFAD88CEB6}.Debug|Any CPU.ActiveCfg = Debug|Any CPU
		{50572F92-7B20-409A-BA3D-A0DFAD88CEB6}.Debug|Any CPU.Build.0 = Debug|Any CPU
		{50572F92-7B20-409A-BA3D-A0DFAD88CEB6}.Release|Any CPU.ActiveCfg = Release|Any CPU
		{50572F92-7B20-409A-BA3D-A0DFAD88CEB6}.Release|Any CPU.Build.0 = Release|Any CPU
		{08BA640A-4BD0-4FF4-A185-AFDFC5FF501D}.Debug|Any CPU.ActiveCfg = Debug|Any CPU
		{08BA640A-4BD0-4FF4-A185-AFDFC5FF501D}.Debug|Any CPU.Build.0 = Debug|Any CPU
		{08BA640A-4BD0-4FF4-A185-AFDFC5FF501D}.Release|Any CPU.ActiveCfg = Release|Any CPU
		{08BA640A-4BD0-4FF4-A185-AFDFC5FF501D}.Release|Any CPU.Build.0 = Release|Any CPU
		{0250D064-360C-4612-8CB8-34EE079F5B10}.Debug|Any CPU.ActiveCfg = Debug|Any CPU
		{0250D064-360C-4612-8CB8-34EE079F5B10}.Debug|Any CPU.Build.0 = Debug|Any CPU
		{0250D064-360C-4612-8CB8-34EE079F5B10}.Release|Any CPU.ActiveCfg = Release|Any CPU
		{0250D064-360C-4612-8CB8-34EE079F5B10}.Release|Any CPU.Build.0 = Release|Any CPU
	EndGlobalSection
	GlobalSection(SolutionProperties) = preSolution
		HideSolutionNode = FALSE
	EndGlobalSection
	GlobalSection(ExtensibilityGlobals) = postSolution
		SolutionGuid = {439A22AB-C59A-4479-9E43-A6CAFA8217AA}
	EndGlobalSection
EndGlobal
